// !$*UTF8*$!
{
	archiveVersion = 1;
	classes = {
	};
	objectVersion = 56;
	objects = {

/* Begin PBXBuildFile section */
		649FAD3C2BF15DF10008CDA1 /* CancellationApp.swift in Sources */ = {isa = PBXBuildFile; fileRef = 649FAD3B2BF15DF10008CDA1 /* CancellationApp.swift */; };
		649FAD402BF15DF20008CDA1 /* Assets.xcassets in Resources */ = {isa = PBXBuildFile; fileRef = 649FAD3F2BF15DF20008CDA1 /* Assets.xcassets */; };
		649FAD432BF15DF20008CDA1 /* Preview Assets.xcassets in Resources */ = {isa = PBXBuildFile; fileRef = 649FAD422BF15DF20008CDA1 /* Preview Assets.xcassets */; };
		649FAD682BF15F050008CDA1 /* Networking.swift in Sources */ = {isa = PBXBuildFile; fileRef = 649FAD672BF15F050008CDA1 /* Networking.swift */; };
		649FAD6B2BF15F570008CDA1 /* Request.swift in Sources */ = {isa = PBXBuildFile; fileRef = 649FAD6A2BF15F570008CDA1 /* Request.swift */; };
		649FAD6D2BF15F6D0008CDA1 /* APIError.swift in Sources */ = {isa = PBXBuildFile; fileRef = 649FAD6C2BF15F6D0008CDA1 /* APIError.swift */; };
		649FAD702BF163060008CDA1 /* Discover.swift in Sources */ = {isa = PBXBuildFile; fileRef = 649FAD6F2BF163060008CDA1 /* Discover.swift */; };
		649FAD742BF1645F0008CDA1 /* Parser.swift in Sources */ = {isa = PBXBuildFile; fileRef = 649FAD732BF1645F0008CDA1 /* Parser.swift */; };
		649FAD792BF164DC0008CDA1 /* Movie.swift in Sources */ = {isa = PBXBuildFile; fileRef = 649FAD782BF164DC0008CDA1 /* Movie.swift */; };
		649FAD7B2BF164EB0008CDA1 /* MovieList.swift in Sources */ = {isa = PBXBuildFile; fileRef = 649FAD7A2BF164EB0008CDA1 /* MovieList.swift */; };
		649FAD7F2BF166630008CDA1 /* PopularListViewModel.swift in Sources */ = {isa = PBXBuildFile; fileRef = 649FAD7E2BF166630008CDA1 /* PopularListViewModel.swift */; };
		649FAD812BF166670008CDA1 /* PopularListView.swift in Sources */ = {isa = PBXBuildFile; fileRef = 649FAD802BF166670008CDA1 /* PopularListView.swift */; };
		649FAD8C2BF18C5C0008CDA1 /* RootView.swift in Sources */ = {isa = PBXBuildFile; fileRef = 649FAD8B2BF18C5C0008CDA1 /* RootView.swift */; };
/* End PBXBuildFile section */

/* Begin PBXContainerItemProxy section */
		649FAD492BF15DF20008CDA1 /* PBXContainerItemProxy */ = {
			isa = PBXContainerItemProxy;
			containerPortal = 649FAD302BF15DF10008CDA1 /* Project object */;
			proxyType = 1;
			remoteGlobalIDString = 649FAD372BF15DF10008CDA1;
			remoteInfo = "cancellation-demo";
		};
		649FAD532BF15DF20008CDA1 /* PBXContainerItemProxy */ = {
			isa = PBXContainerItemProxy;
			containerPortal = 649FAD302BF15DF10008CDA1 /* Project object */;
			proxyType = 1;
			remoteGlobalIDString = 649FAD372BF15DF10008CDA1;
			remoteInfo = "cancellation-demo";
		};
/* End PBXContainerItemProxy section */

/* Begin PBXFileReference section */
		649FAD382BF15DF10008CDA1 /* cancellation-demo.app */ = {isa = PBXFileReference; explicitFileType = wrapper.application; includeInIndex = 0; path = "cancellation-demo.app"; sourceTree = BUILT_PRODUCTS_DIR; };
		649FAD3B2BF15DF10008CDA1 /* CancellationApp.swift */ = {isa = PBXFileReference; lastKnownFileType = sourcecode.swift; path = CancellationApp.swift; sourceTree = "<group>"; };
		649FAD3F2BF15DF20008CDA1 /* Assets.xcassets */ = {isa = PBXFileReference; lastKnownFileType = folder.assetcatalog; path = Assets.xcassets; sourceTree = "<group>"; };
		649FAD422BF15DF20008CDA1 /* Preview Assets.xcassets */ = {isa = PBXFileReference; lastKnownFileType = folder.assetcatalog; path = "Preview Assets.xcassets"; sourceTree = "<group>"; };
		649FAD482BF15DF20008CDA1 /* cancellation-demoTests.xctest */ = {isa = PBXFileReference; explicitFileType = wrapper.cfbundle; includeInIndex = 0; path = "cancellation-demoTests.xctest"; sourceTree = BUILT_PRODUCTS_DIR; };
		649FAD522BF15DF20008CDA1 /* cancellation-demoUITests.xctest */ = {isa = PBXFileReference; explicitFileType = wrapper.cfbundle; includeInIndex = 0; path = "cancellation-demoUITests.xctest"; sourceTree = BUILT_PRODUCTS_DIR; };
		649FAD672BF15F050008CDA1 /* Networking.swift */ = {isa = PBXFileReference; lastKnownFileType = sourcecode.swift; path = Networking.swift; sourceTree = "<group>"; };
		649FAD6A2BF15F570008CDA1 /* Request.swift */ = {isa = PBXFileReference; lastKnownFileType = sourcecode.swift; path = Request.swift; sourceTree = "<group>"; };
		649FAD6C2BF15F6D0008CDA1 /* APIError.swift */ = {isa = PBXFileReference; lastKnownFileType = sourcecode.swift; path = APIError.swift; sourceTree = "<group>"; };
		649FAD6F2BF163060008CDA1 /* Discover.swift */ = {isa = PBXFileReference; lastKnownFileType = sourcecode.swift; path = Discover.swift; sourceTree = "<group>"; };
		649FAD732BF1645F0008CDA1 /* Parser.swift */ = {isa = PBXFileReference; lastKnownFileType = sourcecode.swift; path = Parser.swift; sourceTree = "<group>"; };
		649FAD782BF164DC0008CDA1 /* Movie.swift */ = {isa = PBXFileReference; lastKnownFileType = sourcecode.swift; path = Movie.swift; sourceTree = "<group>"; };
		649FAD7A2BF164EB0008CDA1 /* MovieList.swift */ = {isa = PBXFileReference; lastKnownFileType = sourcecode.swift; path = MovieList.swift; sourceTree = "<group>"; };
		649FAD7E2BF166630008CDA1 /* PopularListViewModel.swift */ = {isa = PBXFileReference; lastKnownFileType = sourcecode.swift; path = PopularListViewModel.swift; sourceTree = "<group>"; };
		649FAD802BF166670008CDA1 /* PopularListView.swift */ = {isa = PBXFileReference; lastKnownFileType = sourcecode.swift; path = PopularListView.swift; sourceTree = "<group>"; };
		649FAD8B2BF18C5C0008CDA1 /* RootView.swift */ = {isa = PBXFileReference; lastKnownFileType = sourcecode.swift; path = RootView.swift; sourceTree = "<group>"; };
/* End PBXFileReference section */

/* Begin PBXFrameworksBuildPhase section */
		649FAD352BF15DF10008CDA1 /* Frameworks */ = {
			isa = PBXFrameworksBuildPhase;
			buildActionMask = 2147483647;
			files = (
			);
			runOnlyForDeploymentPostprocessing = 0;
		};
		649FAD452BF15DF20008CDA1 /* Frameworks */ = {
			isa = PBXFrameworksBuildPhase;
			buildActionMask = 2147483647;
			files = (
			);
			runOnlyForDeploymentPostprocessing = 0;
		};
		649FAD4F2BF15DF20008CDA1 /* Frameworks */ = {
			isa = PBXFrameworksBuildPhase;
			buildActionMask = 2147483647;
			files = (
			);
			runOnlyForDeploymentPostprocessing = 0;
		};
/* End PBXFrameworksBuildPhase section */

/* Begin PBXGroup section */
		649FAD2F2BF15DF10008CDA1 = {
			isa = PBXGroup;
			children = (
				649FAD3A2BF15DF10008CDA1 /* cancellation-demo */,
				649FAD392BF15DF10008CDA1 /* Products */,
			);
			sourceTree = "<group>";
		};
		649FAD392BF15DF10008CDA1 /* Products */ = {
			isa = PBXGroup;
			children = (
				649FAD382BF15DF10008CDA1 /* cancellation-demo.app */,
				649FAD482BF15DF20008CDA1 /* cancellation-demoTests.xctest */,
				649FAD522BF15DF20008CDA1 /* cancellation-demoUITests.xctest */,
			);
			name = Products;
			sourceTree = "<group>";
		};
		649FAD3A2BF15DF10008CDA1 /* cancellation-demo */ = {
			isa = PBXGroup;
			children = (
				649FAD662BF15E6D0008CDA1 /* Features */,
				649FAD652BF15E680008CDA1 /* Utilities */,
				649FAD3B2BF15DF10008CDA1 /* CancellationApp.swift */,
				649FAD3F2BF15DF20008CDA1 /* Assets.xcassets */,
				649FAD412BF15DF20008CDA1 /* Preview Content */,
			);
			path = "cancellation-demo";
			sourceTree = "<group>";
		};
		649FAD412BF15DF20008CDA1 /* Preview Content */ = {
			isa = PBXGroup;
			children = (
				649FAD422BF15DF20008CDA1 /* Preview Assets.xcassets */,
			);
			path = "Preview Content";
			sourceTree = "<group>";
		};
		649FAD652BF15E680008CDA1 /* Utilities */ = {
			isa = PBXGroup;
			children = (
				649FAD772BF164D70008CDA1 /* Models */,
				649FAD722BF164590008CDA1 /* Extensions */,
				649FAD6E2BF15F910008CDA1 /* Services */,
				649FAD692BF15F4C0008CDA1 /* Networking */,
			);
			path = Utilities;
			sourceTree = "<group>";
		};
		649FAD662BF15E6D0008CDA1 /* Features */ = {
			isa = PBXGroup;
			children = (
				649FAD7C2BF165EA0008CDA1 /* PopularList */,
				649FAD8B2BF18C5C0008CDA1 /* RootView.swift */,
			);
			path = Features;
			sourceTree = "<group>";
		};
		649FAD692BF15F4C0008CDA1 /* Networking */ = {
			isa = PBXGroup;
			children = (
				649FAD672BF15F050008CDA1 /* Networking.swift */,
				649FAD6A2BF15F570008CDA1 /* Request.swift */,
				649FAD6C2BF15F6D0008CDA1 /* APIError.swift */,
			);
			path = Networking;
			sourceTree = "<group>";
		};
		649FAD6E2BF15F910008CDA1 /* Services */ = {
			isa = PBXGroup;
			children = (
				649FAD6F2BF163060008CDA1 /* Discover.swift */,
			);
			path = Services;
			sourceTree = "<group>";
		};
		649FAD722BF164590008CDA1 /* Extensions */ = {
			isa = PBXGroup;
			children = (
				649FAD732BF1645F0008CDA1 /* Parser.swift */,
			);
			path = Extensions;
			sourceTree = "<group>";
		};
		649FAD772BF164D70008CDA1 /* Models */ = {
			isa = PBXGroup;
			children = (
				649FAD782BF164DC0008CDA1 /* Movie.swift */,
				649FAD7A2BF164EB0008CDA1 /* MovieList.swift */,
			);
			path = Models;
			sourceTree = "<group>";
		};
		649FAD7C2BF165EA0008CDA1 /* PopularList */ = {
			isa = PBXGroup;
			children = (
				649FAD802BF166670008CDA1 /* PopularListView.swift */,
				649FAD7E2BF166630008CDA1 /* PopularListViewModel.swift */,
			);
			path = PopularList;
			sourceTree = "<group>";
		};
/* End PBXGroup section */

/* Begin PBXNativeTarget section */
		649FAD372BF15DF10008CDA1 /* cancellation-demo */ = {
			isa = PBXNativeTarget;
			buildConfigurationList = 649FAD5C2BF15DF20008CDA1 /* Build configuration list for PBXNativeTarget "cancellation-demo" */;
			buildPhases = (
				649FAD342BF15DF10008CDA1 /* Sources */,
				649FAD352BF15DF10008CDA1 /* Frameworks */,
				649FAD362BF15DF10008CDA1 /* Resources */,
			);
			buildRules = (
			);
			dependencies = (
			);
			name = "cancellation-demo";
			productName = "cancellation-demo";
			productReference = 649FAD382BF15DF10008CDA1 /* cancellation-demo.app */;
			productType = "com.apple.product-type.application";
		};
		649FAD472BF15DF20008CDA1 /* cancellation-demoTests */ = {
			isa = PBXNativeTarget;
			buildConfigurationList = 649FAD5F2BF15DF20008CDA1 /* Build configuration list for PBXNativeTarget "cancellation-demoTests" */;
			buildPhases = (
				649FAD442BF15DF20008CDA1 /* Sources */,
				649FAD452BF15DF20008CDA1 /* Frameworks */,
				649FAD462BF15DF20008CDA1 /* Resources */,
			);
			buildRules = (
			);
			dependencies = (
				649FAD4A2BF15DF20008CDA1 /* PBXTargetDependency */,
			);
			name = "cancellation-demoTests";
			productName = "cancellation-demoTests";
			productReference = 649FAD482BF15DF20008CDA1 /* cancellation-demoTests.xctest */;
			productType = "com.apple.product-type.bundle.unit-test";
		};
		649FAD512BF15DF20008CDA1 /* cancellation-demoUITests */ = {
			isa = PBXNativeTarget;
			buildConfigurationList = 649FAD622BF15DF20008CDA1 /* Build configuration list for PBXNativeTarget "cancellation-demoUITests" */;
			buildPhases = (
				649FAD4E2BF15DF20008CDA1 /* Sources */,
				649FAD4F2BF15DF20008CDA1 /* Frameworks */,
				649FAD502BF15DF20008CDA1 /* Resources */,
			);
			buildRules = (
			);
			dependencies = (
				649FAD542BF15DF20008CDA1 /* PBXTargetDependency */,
			);
			name = "cancellation-demoUITests";
			productName = "cancellation-demoUITests";
			productReference = 649FAD522BF15DF20008CDA1 /* cancellation-demoUITests.xctest */;
			productType = "com.apple.product-type.bundle.ui-testing";
		};
/* End PBXNativeTarget section */

/* Begin PBXProject section */
		649FAD302BF15DF10008CDA1 /* Project object */ = {
			isa = PBXProject;
			attributes = {
				BuildIndependentTargetsInParallel = 1;
				LastSwiftUpdateCheck = 1530;
				LastUpgradeCheck = 1530;
				TargetAttributes = {
					649FAD372BF15DF10008CDA1 = {
						CreatedOnToolsVersion = 15.3;
					};
					649FAD472BF15DF20008CDA1 = {
						CreatedOnToolsVersion = 15.3;
						TestTargetID = 649FAD372BF15DF10008CDA1;
					};
					649FAD512BF15DF20008CDA1 = {
						CreatedOnToolsVersion = 15.3;
						TestTargetID = 649FAD372BF15DF10008CDA1;
					};
				};
			};
			buildConfigurationList = 649FAD332BF15DF10008CDA1 /* Build configuration list for PBXProject "cancellation-demo" */;
			compatibilityVersion = "Xcode 14.0";
			developmentRegion = en;
			hasScannedForEncodings = 0;
			knownRegions = (
				en,
				Base,
			);
			mainGroup = 649FAD2F2BF15DF10008CDA1;
			productRefGroup = 649FAD392BF15DF10008CDA1 /* Products */;
			projectDirPath = "";
			projectRoot = "";
			targets = (
				649FAD372BF15DF10008CDA1 /* cancellation-demo */,
				649FAD472BF15DF20008CDA1 /* cancellation-demoTests */,
				649FAD512BF15DF20008CDA1 /* cancellation-demoUITests */,
			);
		};
/* End PBXProject section */

/* Begin PBXResourcesBuildPhase section */
		649FAD362BF15DF10008CDA1 /* Resources */ = {
			isa = PBXResourcesBuildPhase;
			buildActionMask = 2147483647;
			files = (
				649FAD432BF15DF20008CDA1 /* Preview Assets.xcassets in Resources */,
				649FAD402BF15DF20008CDA1 /* Assets.xcassets in Resources */,
			);
			runOnlyForDeploymentPostprocessing = 0;
		};
		649FAD462BF15DF20008CDA1 /* Resources */ = {
			isa = PBXResourcesBuildPhase;
			buildActionMask = 2147483647;
			files = (
			);
			runOnlyForDeploymentPostprocessing = 0;
		};
		649FAD502BF15DF20008CDA1 /* Resources */ = {
			isa = PBXResourcesBuildPhase;
			buildActionMask = 2147483647;
			files = (
			);
			runOnlyForDeploymentPostprocessing = 0;
		};
/* End PBXResourcesBuildPhase section */

/* Begin PBXSourcesBuildPhase section */
		649FAD342BF15DF10008CDA1 /* Sources */ = {
			isa = PBXSourcesBuildPhase;
			buildActionMask = 2147483647;
			files = (
				649FAD7B2BF164EB0008CDA1 /* MovieList.swift in Sources */,
				649FAD682BF15F050008CDA1 /* Networking.swift in Sources */,
				649FAD6D2BF15F6D0008CDA1 /* APIError.swift in Sources */,
				649FAD742BF1645F0008CDA1 /* Parser.swift in Sources */,
				649FAD702BF163060008CDA1 /* Discover.swift in Sources */,
				649FAD6B2BF15F570008CDA1 /* Request.swift in Sources */,
				649FAD7F2BF166630008CDA1 /* PopularListViewModel.swift in Sources */,
				649FAD3C2BF15DF10008CDA1 /* CancellationApp.swift in Sources */,
				649FAD792BF164DC0008CDA1 /* Movie.swift in Sources */,
				649FAD812BF166670008CDA1 /* PopularListView.swift in Sources */,
				649FAD8C2BF18C5C0008CDA1 /* RootView.swift in Sources */,
			);
			runOnlyForDeploymentPostprocessing = 0;
		};
		649FAD442BF15DF20008CDA1 /* Sources */ = {
			isa = PBXSourcesBuildPhase;
			buildActionMask = 2147483647;
			files = (
			);
			runOnlyForDeploymentPostprocessing = 0;
		};
		649FAD4E2BF15DF20008CDA1 /* Sources */ = {
			isa = PBXSourcesBuildPhase;
			buildActionMask = 2147483647;
			files = (
			);
			runOnlyForDeploymentPostprocessing = 0;
		};
/* End PBXSourcesBuildPhase section */

/* Begin PBXTargetDependency section */
		649FAD4A2BF15DF20008CDA1 /* PBXTargetDependency */ = {
			isa = PBXTargetDependency;
			target = 649FAD372BF15DF10008CDA1 /* cancellation-demo */;
			targetProxy = 649FAD492BF15DF20008CDA1 /* PBXContainerItemProxy */;
		};
		649FAD542BF15DF20008CDA1 /* PBXTargetDependency */ = {
			isa = PBXTargetDependency;
			target = 649FAD372BF15DF10008CDA1 /* cancellation-demo */;
			targetProxy = 649FAD532BF15DF20008CDA1 /* PBXContainerItemProxy */;
		};
/* End PBXTargetDependency section */

/* Begin XCBuildConfiguration section */
		649FAD5A2BF15DF20008CDA1 /* Debug */ = {
			isa = XCBuildConfiguration;
			buildSettings = {
				ALWAYS_SEARCH_USER_PATHS = NO;
				ASSETCATALOG_COMPILER_GENERATE_SWIFT_ASSET_SYMBOL_EXTENSIONS = YES;
				CLANG_ANALYZER_NONNULL = YES;
				CLANG_ANALYZER_NUMBER_OBJECT_CONVERSION = YES_AGGRESSIVE;
				CLANG_CXX_LANGUAGE_STANDARD = "gnu++20";
				CLANG_ENABLE_MODULES = YES;
				CLANG_ENABLE_OBJC_ARC = YES;
				CLANG_ENABLE_OBJC_WEAK = YES;
				CLANG_WARN_BLOCK_CAPTURE_AUTORELEASING = YES;
				CLANG_WARN_BOOL_CONVERSION = YES;
				CLANG_WARN_COMMA = YES;
				CLANG_WARN_CONSTANT_CONVERSION = YES;
				CLANG_WARN_DEPRECATED_OBJC_IMPLEMENTATIONS = YES;
				CLANG_WARN_DIRECT_OBJC_ISA_USAGE = YES_ERROR;
				CLANG_WARN_DOCUMENTATION_COMMENTS = YES;
				CLANG_WARN_EMPTY_BODY = YES;
				CLANG_WARN_ENUM_CONVERSION = YES;
				CLANG_WARN_INFINITE_RECURSION = YES;
				CLANG_WARN_INT_CONVERSION = YES;
				CLANG_WARN_NON_LITERAL_NULL_CONVERSION = YES;
				CLANG_WARN_OBJC_IMPLICIT_RETAIN_SELF = YES;
				CLANG_WARN_OBJC_LITERAL_CONVERSION = YES;
				CLANG_WARN_OBJC_ROOT_CLASS = YES_ERROR;
				CLANG_WARN_QUOTED_INCLUDE_IN_FRAMEWORK_HEADER = YES;
				CLANG_WARN_RANGE_LOOP_ANALYSIS = YES;
				CLANG_WARN_STRICT_PROTOTYPES = YES;
				CLANG_WARN_SUSPICIOUS_MOVE = YES;
				CLANG_WARN_UNGUARDED_AVAILABILITY = YES_AGGRESSIVE;
				CLANG_WARN_UNREACHABLE_CODE = YES;
				CLANG_WARN__DUPLICATE_METHOD_MATCH = YES;
				COPY_PHASE_STRIP = NO;
				DEBUG_INFORMATION_FORMAT = dwarf;
				ENABLE_STRICT_OBJC_MSGSEND = YES;
				ENABLE_TESTABILITY = YES;
				ENABLE_USER_SCRIPT_SANDBOXING = YES;
				GCC_C_LANGUAGE_STANDARD = gnu17;
				GCC_DYNAMIC_NO_PIC = NO;
				GCC_NO_COMMON_BLOCKS = YES;
				GCC_OPTIMIZATION_LEVEL = 0;
				GCC_PREPROCESSOR_DEFINITIONS = (
					"DEBUG=1",
					"$(inherited)",
				);
				GCC_WARN_64_TO_32_BIT_CONVERSION = YES;
				GCC_WARN_ABOUT_RETURN_TYPE = YES_ERROR;
				GCC_WARN_UNDECLARED_SELECTOR = YES;
				GCC_WARN_UNINITIALIZED_AUTOS = YES_AGGRESSIVE;
				GCC_WARN_UNUSED_FUNCTION = YES;
				GCC_WARN_UNUSED_VARIABLE = YES;
				IPHONEOS_DEPLOYMENT_TARGET = 17.4;
				LOCALIZATION_PREFERS_STRING_CATALOGS = YES;
				MTL_ENABLE_DEBUG_INFO = INCLUDE_SOURCE;
				MTL_FAST_MATH = YES;
				ONLY_ACTIVE_ARCH = YES;
				SDKROOT = iphoneos;
				SWIFT_ACTIVE_COMPILATION_CONDITIONS = "DEBUG $(inherited)";
				SWIFT_OPTIMIZATION_LEVEL = "-Onone";
			};
			name = Debug;
		};
		649FAD5B2BF15DF20008CDA1 /* Release */ = {
			isa = XCBuildConfiguration;
			buildSettings = {
				ALWAYS_SEARCH_USER_PATHS = NO;
				ASSETCATALOG_COMPILER_GENERATE_SWIFT_ASSET_SYMBOL_EXTENSIONS = YES;
				CLANG_ANALYZER_NONNULL = YES;
				CLANG_ANALYZER_NUMBER_OBJECT_CONVERSION = YES_AGGRESSIVE;
				CLANG_CXX_LANGUAGE_STANDARD = "gnu++20";
				CLANG_ENABLE_MODULES = YES;
				CLANG_ENABLE_OBJC_ARC = YES;
				CLANG_ENABLE_OBJC_WEAK = YES;
				CLANG_WARN_BLOCK_CAPTURE_AUTORELEASING = YES;
				CLANG_WARN_BOOL_CONVERSION = YES;
				CLANG_WARN_COMMA = YES;
				CLANG_WARN_CONSTANT_CONVERSION = YES;
				CLANG_WARN_DEPRECATED_OBJC_IMPLEMENTATIONS = YES;
				CLANG_WARN_DIRECT_OBJC_ISA_USAGE = YES_ERROR;
				CLANG_WARN_DOCUMENTATION_COMMENTS = YES;
				CLANG_WARN_EMPTY_BODY = YES;
				CLANG_WARN_ENUM_CONVERSION = YES;
				CLANG_WARN_INFINITE_RECURSION = YES;
				CLANG_WARN_INT_CONVERSION = YES;
				CLANG_WARN_NON_LITERAL_NULL_CONVERSION = YES;
				CLANG_WARN_OBJC_IMPLICIT_RETAIN_SELF = YES;
				CLANG_WARN_OBJC_LITERAL_CONVERSION = YES;
				CLANG_WARN_OBJC_ROOT_CLASS = YES_ERROR;
				CLANG_WARN_QUOTED_INCLUDE_IN_FRAMEWORK_HEADER = YES;
				CLANG_WARN_RANGE_LOOP_ANALYSIS = YES;
				CLANG_WARN_STRICT_PROTOTYPES = YES;
				CLANG_WARN_SUSPICIOUS_MOVE = YES;
				CLANG_WARN_UNGUARDED_AVAILABILITY = YES_AGGRESSIVE;
				CLANG_WARN_UNREACHABLE_CODE = YES;
				CLANG_WARN__DUPLICATE_METHOD_MATCH = YES;
				COPY_PHASE_STRIP = NO;
				DEBUG_INFORMATION_FORMAT = "dwarf-with-dsym";
				ENABLE_NS_ASSERTIONS = NO;
				ENABLE_STRICT_OBJC_MSGSEND = YES;
				ENABLE_USER_SCRIPT_SANDBOXING = YES;
				GCC_C_LANGUAGE_STANDARD = gnu17;
				GCC_NO_COMMON_BLOCKS = YES;
				GCC_WARN_64_TO_32_BIT_CONVERSION = YES;
				GCC_WARN_ABOUT_RETURN_TYPE = YES_ERROR;
				GCC_WARN_UNDECLARED_SELECTOR = YES;
				GCC_WARN_UNINITIALIZED_AUTOS = YES_AGGRESSIVE;
				GCC_WARN_UNUSED_FUNCTION = YES;
				GCC_WARN_UNUSED_VARIABLE = YES;
				IPHONEOS_DEPLOYMENT_TARGET = 17.4;
				LOCALIZATION_PREFERS_STRING_CATALOGS = YES;
				MTL_ENABLE_DEBUG_INFO = NO;
				MTL_FAST_MATH = YES;
				SDKROOT = iphoneos;
				SWIFT_COMPILATION_MODE = wholemodule;
				VALIDATE_PRODUCT = YES;
			};
			name = Release;
		};
		649FAD5D2BF15DF20008CDA1 /* Debug */ = {
			isa = XCBuildConfiguration;
			buildSettings = {
				ASSETCATALOG_COMPILER_APPICON_NAME = AppIcon;
				ASSETCATALOG_COMPILER_GLOBAL_ACCENT_COLOR_NAME = AccentColor;
				CODE_SIGN_STYLE = Automatic;
				CURRENT_PROJECT_VERSION = 1;
				DEVELOPMENT_ASSET_PATHS = "\"cancellation-demo/Preview Content\"";
				DEVELOPMENT_TEAM = MS9CJM85SS;
				ENABLE_PREVIEWS = YES;
				GENERATE_INFOPLIST_FILE = YES;
				INFOPLIST_KEY_UIApplicationSceneManifest_Generation = YES;
				INFOPLIST_KEY_UIApplicationSupportsIndirectInputEvents = YES;
				INFOPLIST_KEY_UILaunchScreen_Generation = YES;
				INFOPLIST_KEY_UISupportedInterfaceOrientations_iPad = "UIInterfaceOrientationPortrait UIInterfaceOrientationPortraitUpsideDown UIInterfaceOrientationLandscapeLeft UIInterfaceOrientationLandscapeRight";
				INFOPLIST_KEY_UISupportedInterfaceOrientations_iPhone = "UIInterfaceOrientationPortrait UIInterfaceOrientationLandscapeLeft UIInterfaceOrientationLandscapeRight";
				LD_RUNPATH_SEARCH_PATHS = (
					"$(inherited)",
					"@executable_path/Frameworks",
				);
				MARKETING_VERSION = 1.0;
				PRODUCT_BUNDLE_IDENTIFIER = "vladz.cancellation-demo";
				PRODUCT_NAME = "$(TARGET_NAME)";
				SWIFT_EMIT_LOC_STRINGS = YES;
				SWIFT_VERSION = 5.0;
				TARGETED_DEVICE_FAMILY = "1,2";
			};
			name = Debug;
		};
		649FAD5E2BF15DF20008CDA1 /* Release */ = {
			isa = XCBuildConfiguration;
			buildSettings = {
				ASSETCATALOG_COMPILER_APPICON_NAME = AppIcon;
				ASSETCATALOG_COMPILER_GLOBAL_ACCENT_COLOR_NAME = AccentColor;
				CODE_SIGN_STYLE = Automatic;
				CURRENT_PROJECT_VERSION = 1;
				DEVELOPMENT_ASSET_PATHS = "\"cancellation-demo/Preview Content\"";
				DEVELOPMENT_TEAM = MS9CJM85SS;
				ENABLE_PREVIEWS = YES;
				GENERATE_INFOPLIST_FILE = YES;
				INFOPLIST_KEY_UIApplicationSceneManifest_Generation = YES;
				INFOPLIST_KEY_UIApplicationSupportsIndirectInputEvents = YES;
				INFOPLIST_KEY_UILaunchScreen_Generation = YES;
				INFOPLIST_KEY_UISupportedInterfaceOrientations_iPad = "UIInterfaceOrientationPortrait UIInterfaceOrientationPortraitUpsideDown UIInterfaceOrientationLandscapeLeft UIInterfaceOrientationLandscapeRight";
				INFOPLIST_KEY_UISupportedInterfaceOrientations_iPhone = "UIInterfaceOrientationPortrait UIInterfaceOrientationLandscapeLeft UIInterfaceOrientationLandscapeRight";
				LD_RUNPATH_SEARCH_PATHS = (
					"$(inherited)",
					"@executable_path/Frameworks",
				);
				MARKETING_VERSION = 1.0;
				PRODUCT_BUNDLE_IDENTIFIER = "vladz.cancellation-demo";
				PRODUCT_NAME = "$(TARGET_NAME)";
				SWIFT_EMIT_LOC_STRINGS = YES;
				SWIFT_VERSION = 5.0;
				TARGETED_DEVICE_FAMILY = "1,2";
			};
			name = Release;
		};
		649FAD602BF15DF20008CDA1 /* Debug */ = {
			isa = XCBuildConfiguration;
			buildSettings = {
				ALWAYS_EMBED_SWIFT_STANDARD_LIBRARIES = YES;
				BUNDLE_LOADER = "$(TEST_HOST)";
				CODE_SIGN_STYLE = Automatic;
				CURRENT_PROJECT_VERSION = 1;
				DEVELOPMENT_TEAM = MS9CJM85SS;
				GENERATE_INFOPLIST_FILE = YES;
				IPHONEOS_DEPLOYMENT_TARGET = 17.4;
				MARKETING_VERSION = 1.0;
				PRODUCT_BUNDLE_IDENTIFIER = "vladz.cancellation-demoTests";
				PRODUCT_NAME = "$(TARGET_NAME)";
				SWIFT_EMIT_LOC_STRINGS = NO;
				SWIFT_VERSION = 5.0;
				TARGETED_DEVICE_FAMILY = "1,2";
				TEST_HOST = "$(BUILT_PRODUCTS_DIR)/cancellation-demo.app/$(BUNDLE_EXECUTABLE_FOLDER_PATH)/cancellation-demo";
			};
			name = Debug;
		};
		649FAD612BF15DF20008CDA1 /* Release */ = {
			isa = XCBuildConfiguration;
			buildSettings = {
				ALWAYS_EMBED_SWIFT_STANDARD_LIBRARIES = YES;
				BUNDLE_LOADER = "$(TEST_HOST)";
				CODE_SIGN_STYLE = Automatic;
				CURRENT_PROJECT_VERSION = 1;
				DEVELOPMENT_TEAM = MS9CJM85SS;
				GENERATE_INFOPLIST_FILE = YES;
				IPHONEOS_DEPLOYMENT_TARGET = 17.4;
				MARKETING_VERSION = 1.0;
				PRODUCT_BUNDLE_IDENTIFIER = "vladz.cancellation-demoTests";
				PRODUCT_NAME = "$(TARGET_NAME)";
				SWIFT_EMIT_LOC_STRINGS = NO;
				SWIFT_VERSION = 5.0;
				TARGETED_DEVICE_FAMILY = "1,2";
				TEST_HOST = "$(BUILT_PRODUCTS_DIR)/cancellation-demo.app/$(BUNDLE_EXECUTABLE_FOLDER_PATH)/cancellation-demo";
			};
			name = Release;
		};
		649FAD632BF15DF20008CDA1 /* Debug */ = {
			isa = XCBuildConfiguration;
			buildSettings = {
				ALWAYS_EMBED_SWIFT_STANDARD_LIBRARIES = YES;
				CODE_SIGN_STYLE = Automatic;
				CURRENT_PROJECT_VERSION = 1;
				DEVELOPMENT_TEAM = MS9CJM85SS;
				GENERATE_INFOPLIST_FILE = YES;
				MARKETING_VERSION = 1.0;
				PRODUCT_BUNDLE_IDENTIFIER = "vladz.cancellation-demoUITests";
				PRODUCT_NAME = "$(TARGET_NAME)";
				SWIFT_EMIT_LOC_STRINGS = NO;
				SWIFT_VERSION = 5.0;
				TARGETED_DEVICE_FAMILY = "1,2";
				TEST_TARGET_NAME = "cancellation-demo";
			};
			name = Debug;
		};
		649FAD642BF15DF20008CDA1 /* Release */ = {
			isa = XCBuildConfiguration;
			buildSettings = {
				ALWAYS_EMBED_SWIFT_STANDARD_LIBRARIES = YES;
				CODE_SIGN_STYLE = Automatic;
				CURRENT_PROJECT_VERSION = 1;
				DEVELOPMENT_TEAM = MS9CJM85SS;
				GENERATE_INFOPLIST_FILE = YES;
				MARKETING_VERSION = 1.0;
				PRODUCT_BUNDLE_IDENTIFIER = "vladz.cancellation-demoUITests";
				PRODUCT_NAME = "$(TARGET_NAME)";
				SWIFT_EMIT_LOC_STRINGS = NO;
				SWIFT_VERSION = 5.0;
				TARGETED_DEVICE_FAMILY = "1,2";
				TEST_TARGET_NAME = "cancellation-demo";
			};
			name = Release;
		};
/* End XCBuildConfiguration section */

/* Begin XCConfigurationList section */
		649FAD332BF15DF10008CDA1 /* Build configuration list for PBXProject "cancellation-demo" */ = {
			isa = XCConfigurationList;
			buildConfigurations = (
				649FAD5A2BF15DF20008CDA1 /* Debug */,
				649FAD5B2BF15DF20008CDA1 /* Release */,
			);
			defaultConfigurationIsVisible = 0;
			defaultConfigurationName = Release;
		};
		649FAD5C2BF15DF20008CDA1 /* Build configuration list for PBXNativeTarget "cancellation-demo" */ = {
			isa = XCConfigurationList;
			buildConfigurations = (
				649FAD5D2BF15DF20008CDA1 /* Debug */,
				649FAD5E2BF15DF20008CDA1 /* Release */,
			);
			defaultConfigurationIsVisible = 0;
			defaultConfigurationName = Release;
		};
		649FAD5F2BF15DF20008CDA1 /* Build configuration list for PBXNativeTarget "cancellation-demoTests" */ = {
			isa = XCConfigurationList;
			buildConfigurations = (
				649FAD602BF15DF20008CDA1 /* Debug */,
				649FAD612BF15DF20008CDA1 /* Release */,
			);
			defaultConfigurationIsVisible = 0;
			defaultConfigurationName = Release;
		};
		649FAD622BF15DF20008CDA1 /* Build configuration list for PBXNativeTarget "cancellation-demoUITests" */ = {
			isa = XCConfigurationList;
			buildConfigurations = (
				649FAD632BF15DF20008CDA1 /* Debug */,
				649FAD642BF15DF20008CDA1 /* Release */,
			);
			defaultConfigurationIsVisible = 0;
			defaultConfigurationName = Release;
		};
/* End XCConfigurationList section */
	};
	rootObject = 649FAD302BF15DF10008CDA1 /* Project object */;
}
